{
  "name": "pipe-into",
  "version": "1.0.0",
  "lockfileVersion": 1,
  "requires": true,
  "dependencies": {
    "@types/node": {
      "version": "11.11.1",
      "resolved": "https://registry.npmjs.org/@types/node/-/node-11.11.1.tgz",
      "integrity": "sha512-2azXFP9n4aA2QNLkKm/F9pzKxgYj1SMawZ5Eh9iC21RH3XNcFsivLVU2NhpMgQm7YobSByvIol4c42ZFusXFHQ==",
      "dev": true
    },
    "typescript": {
      "version": "3.3.3333",
      "resolved": "https://registry.npmjs.org/typescript/-/typescript-3.3.3333.tgz",
      "integrity": "sha512-JjSKsAfuHBE/fB2oZ8NxtRTk5iGcg6hkYXMnZ3Wc+b2RSqejEqTaem11mHASMnFilHrax3sLK0GDzcJrekZYLw==",
      "dev": true
    }
  }
}
